{
  "name": "daonomic-upgradeable",
  "version": "0.0.1",
  "lockfileVersion": 1,
  "requires": true,
  "dependencies": {
    "daonomic-tests": {
      "version": "0.0.2",
      "resolved": "https://registry.npmjs.org/daonomic-tests/-/daonomic-tests-0.0.2.tgz",
      "integrity": "sha512-KssicJbMweXecDIpkPJ5uEQ/mjZipaYG7i6pWkhjCzKAuIVKT2O6wlEB3Qed4XtjT0PrcYDt956rF76ivpRzUQ==",
      "dev": true
    }
  }
}
